
Microsoft Visual Studio Solution File, Format Version 12.00
# Visual Studio Version 16
VisualStudioVersion = 16.0.30907.101
MinimumVisualStudioVersion = 10.0.40219.1
Project("{FAE04EC0-301F-11D3-BF4B-00C04F79EFBC}") = "dogName_project", "dogName_project.csproj", "{C970F050-0CCB-453E-ABA5-8630F2314088}"
EndProject
Global
	GlobalSection(SolutionConfigurationPlatforms) = preSolution
		Debug|Any CPU = Debug|Any CPU
		Release|Any CPU = Release|Any CPU
	EndGlobalSection
	GlobalSection(ProjectConfigurationPlatforms) = postSolution
		{C970F050-0CCB-453E-ABA5-8630F2314088}.Debug|Any CPU.ActiveCfg = Debug|Any CPU
		{C970F050-0CCB-453E-ABA5-8630F2314088}.Debug|Any CPU.Build.0 = Debug|Any CPU
		{C970F050-0CCB-453E-ABA5-8630F2314088}.Release|Any CPU.ActiveCfg = Release|Any CPU
		{C970F050-0CCB-453E-ABA5-8630F2314088}.Release|Any CPU.Build.0 = Release|Any CPU
	EndGlobalSection
	GlobalSection(SolutionProperties) = preSolution
		HideSolutionNode = FALSE
	EndGlobalSection
	GlobalSection(ExtensibilityGlobals) = postSolution
		SolutionGuid = {15233A9B-C3FA-477C-A879-97AF226E51F8}
	EndGlobalSection
EndGlobal
